// !$*UTF8*$!
{
	archiveVersion = 1;
	classes = {
	};
	objectVersion = 46;
	objects = {

/* Begin PBXBuildFile section */
		7813F5E81BD3C02300F6FEB3 /* GBMRegisterRequestParser.m in Sources */ = {isa = PBXBuildFile; fileRef = 7813F5E71BD3C02300F6FEB3 /* GBMRegisterRequestParser.m */; };
		789158391BD20DC500FB43C1 /* main.m in Sources */ = {isa = PBXBuildFile; fileRef = 789158381BD20DC500FB43C1 /* main.m */; };
		789158441BD20DC500FB43C1 /* Images.xcassets in Resources */ = {isa = PBXBuildFile; fileRef = 789158431BD20DC500FB43C1 /* Images.xcassets */; };
		789158471BD20DC500FB43C1 /* LaunchScreen.xib in Resources */ = {isa = PBXBuildFile; fileRef = 789158451BD20DC500FB43C1 /* LaunchScreen.xib */; };
		789158531BD20DC500FB43C1 /* GBMoran_iOSTests.m in Sources */ = {isa = PBXBuildFile; fileRef = 789158521BD20DC500FB43C1 /* GBMoran_iOSTests.m */; };
		78C8C7A91BD3D34E00382474 /* GBMMy.storyboard in Resources */ = {isa = PBXBuildFile; fileRef = 78C8C7A81BD3D34E00382474 /* GBMMy.storyboard */; };
		78C8C7AC1BD3D7D300382474 /* GBMMyViewController.m in Sources */ = {isa = PBXBuildFile; fileRef = 78C8C7AB1BD3D7D300382474 /* GBMMyViewController.m */; };
		78D17B981BD9289D005B98FD /* GBMNickNameViewController.m in Sources */ = {isa = PBXBuildFile; fileRef = 78D17B971BD9289D005B98FD /* GBMNickNameViewController.m */; };
		78D17B9B1BD92A7C005B98FD /* GBMHeadImageViewController.m in Sources */ = {isa = PBXBuildFile; fileRef = 78D17B9A1BD92A7C005B98FD /* GBMHeadImageViewController.m */; };
		78E7DA651BDB76C200484726 /* GBMGlobal.m in Sources */ = {isa = PBXBuildFile; fileRef = 78E7DA641BDB76C200484726 /* GBMGlobal.m */; };
		78E7DA6D1BDB7A6500484726 /* GBMLoginRequest.m in Sources */ = {isa = PBXBuildFile; fileRef = 78E7DA681BDB7A6500484726 /* GBMLoginRequest.m */; };
		78E7DA6E1BDB7A6500484726 /* GBMRegisterRequest.m in Sources */ = {isa = PBXBuildFile; fileRef = 78E7DA6A1BDB7A6500484726 /* GBMRegisterRequest.m */; };
		78E7DA711BDB7ABB00484726 /* GBMGetImage.m in Sources */ = {isa = PBXBuildFile; fileRef = 78E7DA701BDB7ABB00484726 /* GBMGetImage.m */; };
		78E7DA741BDB827500484726 /* GBMReNameRequest.m in Sources */ = {isa = PBXBuildFile; fileRef = 78E7DA731BDB827500484726 /* GBMReNameRequest.m */; };
		78E7DA771BDB875B00484726 /* GBMReImageRequest.m in Sources */ = {isa = PBXBuildFile; fileRef = 78E7DA761BDB875B00484726 /* GBMReImageRequest.m */; };
		78E7DA7A1BDB8F9000484726 /* GBMHomePageViewController.m in Sources */ = {isa = PBXBuildFile; fileRef = 78E7DA791BDB8F9000484726 /* GBMHomePageViewController.m */; };
		78ECB8911BD2101C0015B84E /* AppDelegate.m in Sources */ = {isa = PBXBuildFile; fileRef = 78ECB8841BD2101B0015B84E /* AppDelegate.m */; };
		78ECB8931BD212B00015B84E /* main.xcassets in Resources */ = {isa = PBXBuildFile; fileRef = 78ECB8921BD212B00015B84E /* main.xcassets */; };
		78ECB8951BD216AC0015B84E /* LoginAndRegister.storyboard in Resources */ = {isa = PBXBuildFile; fileRef = 78ECB8941BD216AC0015B84E /* LoginAndRegister.storyboard */; };
		78ECB8981BD2177B0015B84E /* GBMLoginViewController.m in Sources */ = {isa = PBXBuildFile; fileRef = 78ECB8971BD2177B0015B84E /* GBMLoginViewController.m */; };
		78ECB8A51BD243340015B84E /* BLMultipartForm.m in Sources */ = {isa = PBXBuildFile; fileRef = 78ECB8A41BD243340015B84E /* BLMultipartForm.m */; };
		78ECB8A91BD24AF20015B84E /* GBMUserModel.m in Sources */ = {isa = PBXBuildFile; fileRef = 78ECB8A81BD24AF20015B84E /* GBMUserModel.m */; };
		78ECB8AC1BD2716D0015B84E /* GBMLoginRequestParser.m in Sources */ = {isa = PBXBuildFile; fileRef = 78ECB8AB1BD2716D0015B84E /* GBMLoginRequestParser.m */; };
		78ECB8AE1BD27C670015B84E /* Register.storyboard in Resources */ = {isa = PBXBuildFile; fileRef = 78ECB8AD1BD27C670015B84E /* Register.storyboard */; };
		78ECB8B11BD28FCE0015B84E /* GBMRegisterViewController.m in Sources */ = {isa = PBXBuildFile; fileRef = 78ECB8B01BD28FCE0015B84E /* GBMRegisterViewController.m */; };
/* End PBXBuildFile section */

/* Begin PBXContainerItemProxy section */
		7891584D1BD20DC500FB43C1 /* PBXContainerItemProxy */ = {
			isa = PBXContainerItemProxy;
			containerPortal = 7891582B1BD20DC500FB43C1 /* Project object */;
			proxyType = 1;
			remoteGlobalIDString = 789158321BD20DC500FB43C1;
			remoteInfo = GBMoran_iOS;
		};
/* End PBXContainerItemProxy section */

/* Begin PBXFileReference section */
		7813F5E61BD3C02300F6FEB3 /* GBMRegisterRequestParser.h */ = {isa = PBXFileReference; fileEncoding = 4; lastKnownFileType = sourcecode.c.h; path = GBMRegisterRequestParser.h; sourceTree = "<group>"; };
		7813F5E71BD3C02300F6FEB3 /* GBMRegisterRequestParser.m */ = {isa = PBXFileReference; fileEncoding = 4; lastKnownFileType = sourcecode.c.objc; path = GBMRegisterRequestParser.m; sourceTree = "<group>"; };
		789158331BD20DC500FB43C1 /* GBMoran_iOS.app */ = {isa = PBXFileReference; explicitFileType = wrapper.application; includeInIndex = 0; path = GBMoran_iOS.app; sourceTree = BUILT_PRODUCTS_DIR; };
		789158371BD20DC500FB43C1 /* Info.plist */ = {isa = PBXFileReference; lastKnownFileType = text.plist.xml; path = Info.plist; sourceTree = "<group>"; };
		789158381BD20DC500FB43C1 /* main.m */ = {isa = PBXFileReference; lastKnownFileType = sourcecode.c.objc; path = main.m; sourceTree = "<group>"; };
		789158431BD20DC500FB43C1 /* Images.xcassets */ = {isa = PBXFileReference; lastKnownFileType = folder.assetcatalog; name = Images.xcassets; path = ../Images.xcassets; sourceTree = "<group>"; };
		789158461BD20DC500FB43C1 /* Base */ = {isa = PBXFileReference; lastKnownFileType = file.xib; name = Base; path = Base.lproj/LaunchScreen.xib; sourceTree = "<group>"; };
		7891584C1BD20DC500FB43C1 /* GBMoran_iOSTests.xctest */ = {isa = PBXFileReference; explicitFileType = wrapper.cfbundle; includeInIndex = 0; path = GBMoran_iOSTests.xctest; sourceTree = BUILT_PRODUCTS_DIR; };
		789158511BD20DC500FB43C1 /* Info.plist */ = {isa = PBXFileReference; lastKnownFileType = text.plist.xml; path = Info.plist; sourceTree = "<group>"; };
		789158521BD20DC500FB43C1 /* GBMoran_iOSTests.m */ = {isa = PBXFileReference; lastKnownFileType = sourcecode.c.objc; path = GBMoran_iOSTests.m; sourceTree = "<group>"; };
		78C8C7A81BD3D34E00382474 /* GBMMy.storyboard */ = {isa = PBXFileReference; fileEncoding = 4; lastKnownFileType = file.storyboard; path = GBMMy.storyboard; sourceTree = "<group>"; };
		78C8C7AA1BD3D7D300382474 /* GBMMyViewController.h */ = {isa = PBXFileReference; fileEncoding = 4; lastKnownFileType = sourcecode.c.h; path = GBMMyViewController.h; sourceTree = "<group>"; };
		78C8C7AB1BD3D7D300382474 /* GBMMyViewController.m */ = {isa = PBXFileReference; fileEncoding = 4; lastKnownFileType = sourcecode.c.objc; path = GBMMyViewController.m; sourceTree = "<group>"; };
		78D17B961BD9289D005B98FD /* GBMNickNameViewController.h */ = {isa = PBXFileReference; fileEncoding = 4; lastKnownFileType = sourcecode.c.h; path = GBMNickNameViewController.h; sourceTree = "<group>"; };
		78D17B971BD9289D005B98FD /* GBMNickNameViewController.m */ = {isa = PBXFileReference; fileEncoding = 4; lastKnownFileType = sourcecode.c.objc; path = GBMNickNameViewController.m; sourceTree = "<group>"; };
		78D17B991BD92A7C005B98FD /* GBMHeadImageViewController.h */ = {isa = PBXFileReference; fileEncoding = 4; lastKnownFileType = sourcecode.c.h; path = GBMHeadImageViewController.h; sourceTree = "<group>"; };
		78D17B9A1BD92A7C005B98FD /* GBMHeadImageViewController.m */ = {isa = PBXFileReference; fileEncoding = 4; lastKnownFileType = sourcecode.c.objc; path = GBMHeadImageViewController.m; sourceTree = "<group>"; };
		78E7DA631BDB76C200484726 /* GBMGlobal.h */ = {isa = PBXFileReference; fileEncoding = 4; lastKnownFileType = sourcecode.c.h; path = GBMGlobal.h; sourceTree = "<group>"; };
		78E7DA641BDB76C200484726 /* GBMGlobal.m */ = {isa = PBXFileReference; fileEncoding = 4; lastKnownFileType = sourcecode.c.objc; path = GBMGlobal.m; sourceTree = "<group>"; };
		78E7DA671BDB7A6500484726 /* GBMLoginRequest.h */ = {isa = PBXFileReference; fileEncoding = 4; lastKnownFileType = sourcecode.c.h; path = GBMLoginRequest.h; sourceTree = "<group>"; };
		78E7DA681BDB7A6500484726 /* GBMLoginRequest.m */ = {isa = PBXFileReference; fileEncoding = 4; lastKnownFileType = sourcecode.c.objc; path = GBMLoginRequest.m; sourceTree = "<group>"; };
		78E7DA691BDB7A6500484726 /* GBMRegisterRequest.h */ = {isa = PBXFileReference; fileEncoding = 4; lastKnownFileType = sourcecode.c.h; path = GBMRegisterRequest.h; sourceTree = "<group>"; };
		78E7DA6A1BDB7A6500484726 /* GBMRegisterRequest.m */ = {isa = PBXFileReference; fileEncoding = 4; lastKnownFileType = sourcecode.c.objc; path = GBMRegisterRequest.m; sourceTree = "<group>"; };
		78E7DA6F1BDB7ABB00484726 /* GBMGetImage.h */ = {isa = PBXFileReference; fileEncoding = 4; lastKnownFileType = sourcecode.c.h; path = GBMGetImage.h; sourceTree = "<group>"; };
		78E7DA701BDB7ABB00484726 /* GBMGetImage.m */ = {isa = PBXFileReference; fileEncoding = 4; lastKnownFileType = sourcecode.c.objc; path = GBMGetImage.m; sourceTree = "<group>"; };
		78E7DA721BDB827500484726 /* GBMReNameRequest.h */ = {isa = PBXFileReference; fileEncoding = 4; lastKnownFileType = sourcecode.c.h; path = GBMReNameRequest.h; sourceTree = "<group>"; };
		78E7DA731BDB827500484726 /* GBMReNameRequest.m */ = {isa = PBXFileReference; fileEncoding = 4; lastKnownFileType = sourcecode.c.objc; path = GBMReNameRequest.m; sourceTree = "<group>"; };
		78E7DA751BDB875B00484726 /* GBMReImageRequest.h */ = {isa = PBXFileReference; fileEncoding = 4; lastKnownFileType = sourcecode.c.h; path = GBMReImageRequest.h; sourceTree = "<group>"; };
		78E7DA761BDB875B00484726 /* GBMReImageRequest.m */ = {isa = PBXFileReference; fileEncoding = 4; lastKnownFileType = sourcecode.c.objc; path = GBMReImageRequest.m; sourceTree = "<group>"; };
		78E7DA781BDB8F9000484726 /* GBMHomePageViewController.h */ = {isa = PBXFileReference; fileEncoding = 4; lastKnownFileType = sourcecode.c.h; path = GBMHomePageViewController.h; sourceTree = "<group>"; };
		78E7DA791BDB8F9000484726 /* GBMHomePageViewController.m */ = {isa = PBXFileReference; fileEncoding = 4; lastKnownFileType = sourcecode.c.objc; path = GBMHomePageViewController.m; sourceTree = "<group>"; };
		78ECB8831BD2101B0015B84E /* AppDelegate.h */ = {isa = PBXFileReference; fileEncoding = 4; lastKnownFileType = sourcecode.c.h; path = AppDelegate.h; sourceTree = "<group>"; };
		78ECB8841BD2101B0015B84E /* AppDelegate.m */ = {isa = PBXFileReference; fileEncoding = 4; lastKnownFileType = sourcecode.c.objc; path = AppDelegate.m; sourceTree = "<group>"; };
		78ECB8921BD212B00015B84E /* main.xcassets */ = {isa = PBXFileReference; lastKnownFileType = folder.assetcatalog; path = main.xcassets; sourceTree = "<group>"; };
		78ECB8941BD216AC0015B84E /* LoginAndRegister.storyboard */ = {isa = PBXFileReference; fileEncoding = 4; lastKnownFileType = file.storyboard; path = LoginAndRegister.storyboard; sourceTree = "<group>"; };
		78ECB8961BD2177B0015B84E /* GBMLoginViewController.h */ = {isa = PBXFileReference; fileEncoding = 4; lastKnownFileType = sourcecode.c.h; path = GBMLoginViewController.h; sourceTree = "<group>"; };
		78ECB8971BD2177B0015B84E /* GBMLoginViewController.m */ = {isa = PBXFileReference; fileEncoding = 4; lastKnownFileType = sourcecode.c.objc; path = GBMLoginViewController.m; sourceTree = "<group>"; };
		78ECB8A31BD243340015B84E /* BLMultipartForm.h */ = {isa = PBXFileReference; fileEncoding = 4; lastKnownFileType = sourcecode.c.h; path = BLMultipartForm.h; sourceTree = "<group>"; };
		78ECB8A41BD243340015B84E /* BLMultipartForm.m */ = {isa = PBXFileReference; fileEncoding = 4; lastKnownFileType = sourcecode.c.objc; path = BLMultipartForm.m; sourceTree = "<group>"; };
		78ECB8A71BD24AF20015B84E /* GBMUserModel.h */ = {isa = PBXFileReference; fileEncoding = 4; lastKnownFileType = sourcecode.c.h; path = GBMUserModel.h; sourceTree = "<group>"; };
		78ECB8A81BD24AF20015B84E /* GBMUserModel.m */ = {isa = PBXFileReference; fileEncoding = 4; lastKnownFileType = sourcecode.c.objc; path = GBMUserModel.m; sourceTree = "<group>"; };
		78ECB8AA1BD2716D0015B84E /* GBMLoginRequestParser.h */ = {isa = PBXFileReference; fileEncoding = 4; lastKnownFileType = sourcecode.c.h; path = GBMLoginRequestParser.h; sourceTree = "<group>"; };
		78ECB8AB1BD2716D0015B84E /* GBMLoginRequestParser.m */ = {isa = PBXFileReference; fileEncoding = 4; lastKnownFileType = sourcecode.c.objc; path = GBMLoginRequestParser.m; sourceTree = "<group>"; };
		78ECB8AD1BD27C670015B84E /* Register.storyboard */ = {isa = PBXFileReference; fileEncoding = 4; lastKnownFileType = file.storyboard; path = Register.storyboard; sourceTree = "<group>"; };
		78ECB8AF1BD28FCE0015B84E /* GBMRegisterViewController.h */ = {isa = PBXFileReference; fileEncoding = 4; lastKnownFileType = sourcecode.c.h; path = GBMRegisterViewController.h; sourceTree = "<group>"; };
		78ECB8B01BD28FCE0015B84E /* GBMRegisterViewController.m */ = {isa = PBXFileReference; fileEncoding = 4; lastKnownFileType = sourcecode.c.objc; path = GBMRegisterViewController.m; sourceTree = "<group>"; };
/* End PBXFileReference section */

/* Begin PBXFrameworksBuildPhase section */
		789158301BD20DC500FB43C1 /* Frameworks */ = {
			isa = PBXFrameworksBuildPhase;
			buildActionMask = 2147483647;
			files = (
			);
			runOnlyForDeploymentPostprocessing = 0;
		};
		789158491BD20DC500FB43C1 /* Frameworks */ = {
			isa = PBXFrameworksBuildPhase;
			buildActionMask = 2147483647;
			files = (
			);
			runOnlyForDeploymentPostprocessing = 0;
		};
/* End PBXFrameworksBuildPhase section */

/* Begin PBXGroup section */
		7891582A1BD20DC500FB43C1 = {
			isa = PBXGroup;
			children = (
				789158351BD20DC500FB43C1 /* GBMoran_iOS */,
				7891584F1BD20DC500FB43C1 /* GBMoran_iOSTests */,
				789158341BD20DC500FB43C1 /* Products */,
			);
			sourceTree = "<group>";
		};
		789158341BD20DC500FB43C1 /* Products */ = {
			isa = PBXGroup;
			children = (
				789158331BD20DC500FB43C1 /* GBMoran_iOS.app */,
				7891584C1BD20DC500FB43C1 /* GBMoran_iOSTests.xctest */,
			);
			name = Products;
			sourceTree = "<group>";
		};
		789158351BD20DC500FB43C1 /* GBMoran_iOS */ = {
			isa = PBXGroup;
			children = (
				78E7DA621BDB769500484726 /* Global */,
				78ECB8821BD2101B0015B84E /* App */,
				78ECB8851BD2101B0015B84E /* Controller */,
				78ECB8891BD2101B0015B84E /* Library */,
				78ECB88A1BD2101B0015B84E /* Models */,
				78ECB88B1BD2101B0015B84E /* Public */,
				78ECB88C1BD2101B0015B84E /* Resources */,
				78ECB88D1BD2101B0015B84E /* Supporting Files */,
				78ECB88E1BD2101B0015B84E /* Views */,
				789158361BD20DC500FB43C1 /* Supporting Files */,
			);
			path = GBMoran_iOS;
			sourceTree = "<group>";
		};
		789158361BD20DC500FB43C1 /* Supporting Files */ = {
			isa = PBXGroup;
			children = (
				789158371BD20DC500FB43C1 /* Info.plist */,
				789158381BD20DC500FB43C1 /* main.m */,
			);
			name = "Supporting Files";
			sourceTree = "<group>";
		};
		7891584F1BD20DC500FB43C1 /* GBMoran_iOSTests */ = {
			isa = PBXGroup;
			children = (
				789158521BD20DC500FB43C1 /* GBMoran_iOSTests.m */,
				789158501BD20DC500FB43C1 /* Supporting Files */,
			);
			path = GBMoran_iOSTests;
			sourceTree = "<group>";
		};
		789158501BD20DC500FB43C1 /* Supporting Files */ = {
			isa = PBXGroup;
			children = (
				789158511BD20DC500FB43C1 /* Info.plist */,
			);
			name = "Supporting Files";
			sourceTree = "<group>";
		};
		78E7DA621BDB769500484726 /* Global */ = {
			isa = PBXGroup;
			children = (
				78E7DA631BDB76C200484726 /* GBMGlobal.h */,
				78E7DA641BDB76C200484726 /* GBMGlobal.m */,
			);
			path = Global;
			sourceTree = "<group>";
		};
		78E7DA661BDB7A6500484726 /* LoginAndRegister */ = {
			isa = PBXGroup;
			children = (
				78E7DA671BDB7A6500484726 /* GBMLoginRequest.h */,
				78E7DA681BDB7A6500484726 /* GBMLoginRequest.m */,
				78E7DA691BDB7A6500484726 /* GBMRegisterRequest.h */,
				78E7DA6A1BDB7A6500484726 /* GBMRegisterRequest.m */,
				78E7DA6F1BDB7ABB00484726 /* GBMGetImage.h */,
				78E7DA701BDB7ABB00484726 /* GBMGetImage.m */,
			);
			path = LoginAndRegister;
			sourceTree = "<group>";
		};
		78E7DA6B1BDB7A6500484726 /* My */ = {
			isa = PBXGroup;
			children = (
				78E7DA721BDB827500484726 /* GBMReNameRequest.h */,
				78E7DA731BDB827500484726 /* GBMReNameRequest.m */,
				78E7DA751BDB875B00484726 /* GBMReImageRequest.h */,
				78E7DA761BDB875B00484726 /* GBMReImageRequest.m */,
			);
			path = My;
			sourceTree = "<group>";
		};
		78E7DA6C1BDB7A6500484726 /* Square */ = {
			isa = PBXGroup;
			children = (
			);
			path = Square;
			sourceTree = "<group>";
		};
		78ECB8821BD2101B0015B84E /* App */ = {
			isa = PBXGroup;
			children = (
				78ECB8831BD2101B0015B84E /* AppDelegate.h */,
				78ECB8841BD2101B0015B84E /* AppDelegate.m */,
			);
			path = App;
			sourceTree = "<group>";
		};
		78ECB8851BD2101B0015B84E /* Controller */ = {
			isa = PBXGroup;
			children = (
				78ECB8861BD2101B0015B84E /* LoginAndRegister */,
				78ECB8871BD2101B0015B84E /* My */,
				78ECB8881BD2101B0015B84E /* Square */,
			);
			path = Controller;
			sourceTree = "<group>";
		};
		78ECB8861BD2101B0015B84E /* LoginAndRegister */ = {
			isa = PBXGroup;
			children = (
				78ECB8961BD2177B0015B84E /* GBMLoginViewController.h */,
				78ECB8971BD2177B0015B84E /* GBMLoginViewController.m */,
				78ECB8AF1BD28FCE0015B84E /* GBMRegisterViewController.h */,
				78ECB8B01BD28FCE0015B84E /* GBMRegisterViewController.m */,
			);
			path = LoginAndRegister;
			sourceTree = "<group>";
		};
		78ECB8871BD2101B0015B84E /* My */ = {
			isa = PBXGroup;
			children = (
				78C8C7AA1BD3D7D300382474 /* GBMMyViewController.h */,
				78C8C7AB1BD3D7D300382474 /* GBMMyViewController.m */,
				78D17B961BD9289D005B98FD /* GBMNickNameViewController.h */,
				78D17B971BD9289D005B98FD /* GBMNickNameViewController.m */,
				78D17B991BD92A7C005B98FD /* GBMHeadImageViewController.h */,
				78D17B9A1BD92A7C005B98FD /* GBMHeadImageViewController.m */,
				78E7DA781BDB8F9000484726 /* GBMHomePageViewController.h */,
				78E7DA791BDB8F9000484726 /* GBMHomePageViewController.m */,
			);
			path = My;
			sourceTree = "<group>";
		};
		78ECB8881BD2101B0015B84E /* Square */ = {
			isa = PBXGroup;
			children = (
			);
			path = Square;
			sourceTree = "<group>";
		};
		78ECB8891BD2101B0015B84E /* Library */ = {
			isa = PBXGroup;
			children = (
			);
			path = Library;
			sourceTree = "<group>";
		};
		78ECB88A1BD2101B0015B84E /* Models */ = {
			isa = PBXGroup;
			children = (
				78ECB8A61BD24AC90015B84E /* User */,
			);
			path = Models;
			sourceTree = "<group>";
		};
		78ECB88B1BD2101B0015B84E /* Public */ = {
			isa = PBXGroup;
			children = (
				78ECB89C1BD2415A0015B84E /* Network */,
			);
			path = Public;
			sourceTree = "<group>";
		};
		78ECB88C1BD2101B0015B84E /* Resources */ = {
			isa = PBXGroup;
			children = (
				789158451BD20DC500FB43C1 /* LaunchScreen.xib */,
				789158431BD20DC500FB43C1 /* Images.xcassets */,
				78ECB8921BD212B00015B84E /* main.xcassets */,
			);
			path = Resources;
			sourceTree = "<group>";
		};
		78ECB88D1BD2101B0015B84E /* Supporting Files */ = {
			isa = PBXGroup;
			children = (
			);
			path = "Supporting Files";
			sourceTree = "<group>";
		};
		78ECB88E1BD2101B0015B84E /* Views */ = {
			isa = PBXGroup;
			children = (
				78ECB88F1BD2101C0015B84E /* Cell */,
				78ECB8901BD2101C0015B84E /* Storyboard */,
			);
			path = Views;
			sourceTree = "<group>";
		};
		78ECB88F1BD2101C0015B84E /* Cell */ = {
			isa = PBXGroup;
			children = (
			);
			path = Cell;
			sourceTree = "<group>";
		};
		78ECB8901BD2101C0015B84E /* Storyboard */ = {
			isa = PBXGroup;
			children = (
				78ECB8941BD216AC0015B84E /* LoginAndRegister.storyboard */,
				78ECB8AD1BD27C670015B84E /* Register.storyboard */,
				78C8C7A81BD3D34E00382474 /* GBMMy.storyboard */,
			);
			path = Storyboard;
			sourceTree = "<group>";
		};
		78ECB89C1BD2415A0015B84E /* Network */ = {
			isa = PBXGroup;
			children = (
				78ECB89D1BD2415A0015B84E /* Parsers */,
				78ECB89E1BD2415A0015B84E /* Requests */,
				78ECB89F1BD2415A0015B84E /* Utilities */,
			);
			path = Network;
			sourceTree = "<group>";
		};
		78ECB89D1BD2415A0015B84E /* Parsers */ = {
			isa = PBXGroup;
			children = (
				78ECB8AA1BD2716D0015B84E /* GBMLoginRequestParser.h */,
				78ECB8AB1BD2716D0015B84E /* GBMLoginRequestParser.m */,
				7813F5E61BD3C02300F6FEB3 /* GBMRegisterRequestParser.h */,
				7813F5E71BD3C02300F6FEB3 /* GBMRegisterRequestParser.m */,
			);
			path = Parsers;
			sourceTree = "<group>";
		};
		78ECB89E1BD2415A0015B84E /* Requests */ = {
			isa = PBXGroup;
			children = (
				78E7DA661BDB7A6500484726 /* LoginAndRegister */,
				78E7DA6B1BDB7A6500484726 /* My */,
				78E7DA6C1BDB7A6500484726 /* Square */,
			);
			path = Requests;
			sourceTree = "<group>";
		};
		78ECB89F1BD2415A0015B84E /* Utilities */ = {
			isa = PBXGroup;
			children = (
				78ECB8A31BD243340015B84E /* BLMultipartForm.h */,
				78ECB8A41BD243340015B84E /* BLMultipartForm.m */,
			);
			path = Utilities;
			sourceTree = "<group>";
		};
		78ECB8A61BD24AC90015B84E /* User */ = {
			isa = PBXGroup;
			children = (
				78ECB8A71BD24AF20015B84E /* GBMUserModel.h */,
				78ECB8A81BD24AF20015B84E /* GBMUserModel.m */,
			);
			path = User;
			sourceTree = "<group>";
		};
/* End PBXGroup section */

/* Begin PBXNativeTarget section */
		789158321BD20DC500FB43C1 /* GBMoran_iOS */ = {
			isa = PBXNativeTarget;
			buildConfigurationList = 789158561BD20DC500FB43C1 /* Build configuration list for PBXNativeTarget "GBMoran_iOS" */;
			buildPhases = (
				7891582F1BD20DC500FB43C1 /* Sources */,
				789158301BD20DC500FB43C1 /* Frameworks */,
				789158311BD20DC500FB43C1 /* Resources */,
			);
			buildRules = (
			);
			dependencies = (
			);
			name = GBMoran_iOS;
			productName = GBMoran_iOS;
			productReference = 789158331BD20DC500FB43C1 /* GBMoran_iOS.app */;
			productType = "com.apple.product-type.application";
		};
		7891584B1BD20DC500FB43C1 /* GBMoran_iOSTests */ = {
			isa = PBXNativeTarget;
			buildConfigurationList = 789158591BD20DC500FB43C1 /* Build configuration list for PBXNativeTarget "GBMoran_iOSTests" */;
			buildPhases = (
				789158481BD20DC500FB43C1 /* Sources */,
				789158491BD20DC500FB43C1 /* Frameworks */,
				7891584A1BD20DC500FB43C1 /* Resources */,
			);
			buildRules = (
			);
			dependencies = (
				7891584E1BD20DC500FB43C1 /* PBXTargetDependency */,
			);
			name = GBMoran_iOSTests;
			productName = GBMoran_iOSTests;
			productReference = 7891584C1BD20DC500FB43C1 /* GBMoran_iOSTests.xctest */;
			productType = "com.apple.product-type.bundle.unit-test";
		};
/* End PBXNativeTarget section */

/* Begin PBXProject section */
		7891582B1BD20DC500FB43C1 /* Project object */ = {
			isa = PBXProject;
			attributes = {
				LastUpgradeCheck = 0640;
				ORGANIZATIONNAME = JixinZhang;
				TargetAttributes = {
					789158321BD20DC500FB43C1 = {
						CreatedOnToolsVersion = 6.4;
					};
					7891584B1BD20DC500FB43C1 = {
						CreatedOnToolsVersion = 6.4;
						TestTargetID = 789158321BD20DC500FB43C1;
					};
				};
			};
			buildConfigurationList = 7891582E1BD20DC500FB43C1 /* Build configuration list for PBXProject "GBMoran_iOS" */;
			compatibilityVersion = "Xcode 3.2";
			developmentRegion = English;
			hasScannedForEncodings = 0;
			knownRegions = (
				en,
				Base,
			);
			mainGroup = 7891582A1BD20DC500FB43C1;
			productRefGroup = 789158341BD20DC500FB43C1 /* Products */;
			projectDirPath = "";
			projectRoot = "";
			targets = (
				789158321BD20DC500FB43C1 /* GBMoran_iOS */,
				7891584B1BD20DC500FB43C1 /* GBMoran_iOSTests */,
			);
		};
/* End PBXProject section */

/* Begin PBXResourcesBuildPhase section */
		789158311BD20DC500FB43C1 /* Resources */ = {
			isa = PBXResourcesBuildPhase;
			buildActionMask = 2147483647;
			files = (
				789158471BD20DC500FB43C1 /* LaunchScreen.xib in Resources */,
				789158441BD20DC500FB43C1 /* Images.xcassets in Resources */,
				78ECB8931BD212B00015B84E /* main.xcassets in Resources */,
				78ECB8951BD216AC0015B84E /* LoginAndRegister.storyboard in Resources */,
				78ECB8AE1BD27C670015B84E /* Register.storyboard in Resources */,
				78C8C7A91BD3D34E00382474 /* GBMMy.storyboard in Resources */,
			);
			runOnlyForDeploymentPostprocessing = 0;
		};
		7891584A1BD20DC500FB43C1 /* Resources */ = {
			isa = PBXResourcesBuildPhase;
			buildActionMask = 2147483647;
			files = (
			);
			runOnlyForDeploymentPostprocessing = 0;
		};
/* End PBXResourcesBuildPhase section */

/* Begin PBXSourcesBuildPhase section */
		7891582F1BD20DC500FB43C1 /* Sources */ = {
			isa = PBXSourcesBuildPhase;
			buildActionMask = 2147483647;
			files = (
				78ECB8B11BD28FCE0015B84E /* GBMRegisterViewController.m in Sources */,
				78D17B9B1BD92A7C005B98FD /* GBMHeadImageViewController.m in Sources */,
				78E7DA711BDB7ABB00484726 /* GBMGetImage.m in Sources */,
				78D17B981BD9289D005B98FD /* GBMNickNameViewController.m in Sources */,
				78E7DA741BDB827500484726 /* GBMReNameRequest.m in Sources */,
				7813F5E81BD3C02300F6FEB3 /* GBMRegisterRequestParser.m in Sources */,
				78E7DA6D1BDB7A6500484726 /* GBMLoginRequest.m in Sources */,
				78C8C7AC1BD3D7D300382474 /* GBMMyViewController.m in Sources */,
				789158391BD20DC500FB43C1 /* main.m in Sources */,
				78ECB8981BD2177B0015B84E /* GBMLoginViewController.m in Sources */,
				78ECB8A91BD24AF20015B84E /* GBMUserModel.m in Sources */,
				78E7DA651BDB76C200484726 /* GBMGlobal.m in Sources */,
				78ECB8AC1BD2716D0015B84E /* GBMLoginRequestParser.m in Sources */,
				78E7DA6E1BDB7A6500484726 /* GBMRegisterRequest.m in Sources */,
				78ECB8911BD2101C0015B84E /* AppDelegate.m in Sources */,
				78E7DA7A1BDB8F9000484726 /* GBMHomePageViewController.m in Sources */,
				78E7DA771BDB875B00484726 /* GBMReImageRequest.m in Sources */,
				78ECB8A51BD243340015B84E /* BLMultipartForm.m in Sources */,
			);
			runOnlyForDeploymentPostprocessing = 0;
		};
		789158481BD20DC500FB43C1 /* Sources */ = {
			isa = PBXSourcesBuildPhase;
			buildActionMask = 2147483647;
			files = (
				789158531BD20DC500FB43C1 /* GBMoran_iOSTests.m in Sources */,
			);
			runOnlyForDeploymentPostprocessing = 0;
		};
/* End PBXSourcesBuildPhase section */

/* Begin PBXTargetDependency section */
		7891584E1BD20DC500FB43C1 /* PBXTargetDependency */ = {
			isa = PBXTargetDependency;
			target = 789158321BD20DC500FB43C1 /* GBMoran_iOS */;
			targetProxy = 7891584D1BD20DC500FB43C1 /* PBXContainerItemProxy */;
		};
/* End PBXTargetDependency section */

/* Begin PBXVariantGroup section */
		789158451BD20DC500FB43C1 /* LaunchScreen.xib */ = {
			isa = PBXVariantGroup;
			children = (
				789158461BD20DC500FB43C1 /* Base */,
			);
			name = LaunchScreen.xib;
			path = ..;
			sourceTree = "<group>";
		};
/* End PBXVariantGroup section */

/* Begin XCBuildConfiguration section */
		789158541BD20DC500FB43C1 /* Debug */ = {
			isa = XCBuildConfiguration;
			buildSettings = {
				ALWAYS_SEARCH_USER_PATHS = NO;
				CLANG_CXX_LANGUAGE_STANDARD = "gnu++0x";
				CLANG_CXX_LIBRARY = "libc++";
				CLANG_ENABLE_MODULES = YES;
				CLANG_ENABLE_OBJC_ARC = YES;
				CLANG_WARN_BOOL_CONVERSION = YES;
				CLANG_WARN_CONSTANT_CONVERSION = YES;
				CLANG_WARN_DIRECT_OBJC_ISA_USAGE = YES_ERROR;
				CLANG_WARN_EMPTY_BODY = YES;
				CLANG_WARN_ENUM_CONVERSION = YES;
				CLANG_WARN_INT_CONVERSION = YES;
				CLANG_WARN_OBJC_ROOT_CLASS = YES_ERROR;
				CLANG_WARN_UNREACHABLE_CODE = YES;
				CLANG_WARN__DUPLICATE_METHOD_MATCH = YES;
				"CODE_SIGN_IDENTITY[sdk=iphoneos*]" = "iPhone Developer";
				COPY_PHASE_STRIP = NO;
				DEBUG_INFORMATION_FORMAT = "dwarf-with-dsym";
				ENABLE_STRICT_OBJC_MSGSEND = YES;
				GCC_C_LANGUAGE_STANDARD = gnu99;
				GCC_DYNAMIC_NO_PIC = NO;
				GCC_NO_COMMON_BLOCKS = YES;
				GCC_OPTIMIZATION_LEVEL = 0;
				GCC_PREPROCESSOR_DEFINITIONS = (
					"DEBUG=1",
					"$(inherited)",
				);
				GCC_SYMBOLS_PRIVATE_EXTERN = NO;
				GCC_WARN_64_TO_32_BIT_CONVERSION = YES;
				GCC_WARN_ABOUT_RETURN_TYPE = YES_ERROR;
				GCC_WARN_UNDECLARED_SELECTOR = YES;
				GCC_WARN_UNINITIALIZED_AUTOS = YES_AGGRESSIVE;
				GCC_WARN_UNUSED_FUNCTION = YES;
				GCC_WARN_UNUSED_VARIABLE = YES;
				IPHONEOS_DEPLOYMENT_TARGET = 8.4;
				MTL_ENABLE_DEBUG_INFO = YES;
				ONLY_ACTIVE_ARCH = YES;
				SDKROOT = iphoneos;
			};
			name = Debug;
		};
		789158551BD20DC500FB43C1 /* Release */ = {
			isa = XCBuildConfiguration;
			buildSettings = {
				ALWAYS_SEARCH_USER_PATHS = NO;
				CLANG_CXX_LANGUAGE_STANDARD = "gnu++0x";
				CLANG_CXX_LIBRARY = "libc++";
				CLANG_ENABLE_MODULES = YES;
				CLANG_ENABLE_OBJC_ARC = YES;
				CLANG_WARN_BOOL_CONVERSION = YES;
				CLANG_WARN_CONSTANT_CONVERSION = YES;
				CLANG_WARN_DIRECT_OBJC_ISA_USAGE = YES_ERROR;
				CLANG_WARN_EMPTY_BODY = YES;
				CLANG_WARN_ENUM_CONVERSION = YES;
				CLANG_WARN_INT_CONVERSION = YES;
				CLANG_WARN_OBJC_ROOT_CLASS = YES_ERROR;
				CLANG_WARN_UNREACHABLE_CODE = YES;
				CLANG_WARN__DUPLICATE_METHOD_MATCH = YES;
				"CODE_SIGN_IDENTITY[sdk=iphoneos*]" = "iPhone Developer";
				COPY_PHASE_STRIP = NO;
				DEBUG_INFORMATION_FORMAT = "dwarf-with-dsym";
				ENABLE_NS_ASSERTIONS = NO;
				ENABLE_STRICT_OBJC_MSGSEND = YES;
				GCC_C_LANGUAGE_STANDARD = gnu99;
				GCC_NO_COMMON_BLOCKS = YES;
				GCC_WARN_64_TO_32_BIT_CONVERSION = YES;
				GCC_WARN_ABOUT_RETURN_TYPE = YES_ERROR;
				GCC_WARN_UNDECLARED_SELECTOR = YES;
				GCC_WARN_UNINITIALIZED_AUTOS = YES_AGGRESSIVE;
				GCC_WARN_UNUSED_FUNCTION = YES;
				GCC_WARN_UNUSED_VARIABLE = YES;
				IPHONEOS_DEPLOYMENT_TARGET = 8.4;
				MTL_ENABLE_DEBUG_INFO = NO;
				SDKROOT = iphoneos;
				VALIDATE_PRODUCT = YES;
			};
			name = Release;
		};
		789158571BD20DC500FB43C1 /* Debug */ = {
			isa = XCBuildConfiguration;
			buildSettings = {
				ASSETCATALOG_COMPILER_APPICON_NAME = AppIcon;
				INFOPLIST_FILE = GBMoran_iOS/Info.plist;
				LD_RUNPATH_SEARCH_PATHS = "$(inherited) @executable_path/Frameworks";
				PRODUCT_NAME = "$(TARGET_NAME)";
			};
			name = Debug;
		};
		789158581BD20DC500FB43C1 /* Release */ = {
			isa = XCBuildConfiguration;
			buildSettings = {
				ASSETCATALOG_COMPILER_APPICON_NAME = AppIcon;
				INFOPLIST_FILE = GBMoran_iOS/Info.plist;
				LD_RUNPATH_SEARCH_PATHS = "$(inherited) @executable_path/Frameworks";
				PRODUCT_NAME = "$(TARGET_NAME)";
			};
			name = Release;
		};
		7891585A1BD20DC500FB43C1 /* Debug */ = {
			isa = XCBuildConfiguration;
			buildSettings = {
				BUNDLE_LOADER = "$(TEST_HOST)";
				FRAMEWORK_SEARCH_PATHS = (
					"$(SDKROOT)/Developer/Library/Frameworks",
					"$(inherited)",
				);
				GCC_PREPROCESSOR_DEFINITIONS = (
					"DEBUG=1",
					"$(inherited)",
				);
				INFOPLIST_FILE = GBMoran_iOSTests/Info.plist;
				LD_RUNPATH_SEARCH_PATHS = "$(inherited) @executable_path/Frameworks @loader_path/Frameworks";
				PRODUCT_NAME = "$(TARGET_NAME)";
				TEST_HOST = "$(BUILT_PRODUCTS_DIR)/GBMoran_iOS.app/GBMoran_iOS";
			};
			name = Debug;
		};
		7891585B1BD20DC500FB43C1 /* Release */ = {
			isa = XCBuildConfiguration;
			buildSettings = {
				BUNDLE_LOADER = "$(TEST_HOST)";
				FRAMEWORK_SEARCH_PATHS = (
					"$(SDKROOT)/Developer/Library/Frameworks",
					"$(inherited)",
				);
				INFOPLIST_FILE = GBMoran_iOSTests/Info.plist;
				LD_RUNPATH_SEARCH_PATHS = "$(inherited) @executable_path/Frameworks @loader_path/Frameworks";
				PRODUCT_NAME = "$(TARGET_NAME)";
				TEST_HOST = "$(BUILT_PRODUCTS_DIR)/GBMoran_iOS.app/GBMoran_iOS";
			};
			name = Release;
		};
/* End XCBuildConfiguration section */

/* Begin XCConfigurationList section */
		7891582E1BD20DC500FB43C1 /* Build configuration list for PBXProject "GBMoran_iOS" */ = {
			isa = XCConfigurationList;
			buildConfigurations = (
				789158541BD20DC500FB43C1 /* Debug */,
				789158551BD20DC500FB43C1 /* Release */,
			);
			defaultConfigurationIsVisible = 0;
			defaultConfigurationName = Release;
		};
		789158561BD20DC500FB43C1 /* Build configuration list for PBXNativeTarget "GBMoran_iOS" */ = {
			isa = XCConfigurationList;
			buildConfigurations = (
				789158571BD20DC500FB43C1 /* Debug */,
				789158581BD20DC500FB43C1 /* Release */,
			);
			defaultConfigurationIsVisible = 0;
			defaultConfigurationName = Release;
		};
		789158591BD20DC500FB43C1 /* Build configuration list for PBXNativeTarget "GBMoran_iOSTests" */ = {
			isa = XCConfigurationList;
			buildConfigurations = (
				7891585A1BD20DC500FB43C1 /* Debug */,
				7891585B1BD20DC500FB43C1 /* Release */,
			);
			defaultConfigurationIsVisible = 0;
			defaultConfigurationName = Release;
		};
/* End XCConfigurationList section */
	};
	rootObject = 7891582B1BD20DC500FB43C1 /* Project object */;
}
